{
  "version": 4,
  "terraform_version": "0.13.2",
  "serial": 7,
  "lineage": "1da5bc33-3b73-ad34-48e2-4a803b4b7ed9",
  "outputs": {},
  "resources": [
    {
      "mode": "managed",
      "type": "aws_vpc",
      "name": "venmo_vpc",
      "provider": "provider[\"registry.terraform.io/hashicorp/aws\"]",
      "instances": [
        {
          "schema_version": 1,
          "attributes": {
            "arn": "arn:aws:ec2:us-east-1:357576205424:vpc/vpc-0e5eb8a4ad2e0f876",
            "assign_generated_ipv6_cidr_block": false,
            "cidr_block": "10.0.0.0/16",
            "default_network_acl_id": "acl-0af1d47e180179e0a",
            "default_route_table_id": "rtb-0d0c99278b7f5bf4a",
            "default_security_group_id": "sg-08224fab163d13df4",
            "dhcp_options_id": "dopt-5891193d",
            "enable_classiclink": false,
            "enable_classiclink_dns_support": false,
            "enable_dns_hostnames": false,
            "enable_dns_support": true,
            "id": "vpc-0e5eb8a4ad2e0f876",
            "instance_tenancy": "default",
            "ipv6_association_id": "",
            "ipv6_cidr_block": "",
            "main_route_table_id": "rtb-0d0c99278b7f5bf4a",
            "owner_id": "357576205424",
            "tags": {
              "Name": "venmo_vpc"
            }
          }
        }
      ]
    }
  ]
}
